
Microsoft Visual Studio Solution File, Format Version 12.00
# Visual Studio Version 17
VisualStudioVersion = 17.3.32811.315
MinimumVisualStudioVersion = 10.0.40219.1
Project("{FAE04EC0-301F-11D3-BF4B-00C04F79EFBC}") = "Dictionaries", "Dictionaries\Dictionaries.csproj", "{2C4CE3DA-4988-4AF9-8591-4313945B662F}"
EndProject
Global
	GlobalSection(SolutionConfigurationPlatforms) = preSolution
		Debug|Any CPU = Debug|Any CPU
		Release|Any CPU = Release|Any CPU
	EndGlobalSection
	GlobalSection(ProjectConfigurationPlatforms) = postSolution
		{2C4CE3DA-4988-4AF9-8591-4313945B662F}.Debug|Any CPU.ActiveCfg = Debug|Any CPU
		{2C4CE3DA-4988-4AF9-8591-4313945B662F}.Debug|Any CPU.Build.0 = Debug|Any CPU
		{2C4CE3DA-4988-4AF9-8591-4313945B662F}.Release|Any CPU.ActiveCfg = Release|Any CPU
		{2C4CE3DA-4988-4AF9-8591-4313945B662F}.Release|Any CPU.Build.0 = Release|Any CPU
	EndGlobalSection
	GlobalSection(SolutionProperties) = preSolution
		HideSolutionNode = FALSE
	EndGlobalSection
	GlobalSection(ExtensibilityGlobals) = postSolution
		SolutionGuid = {0F5E2EC1-2A92-4803-92F7-2EACEF77E59E}
	EndGlobalSection
EndGlobal
